
Microsoft Visual Studio Solution File, Format Version 12.00
# Visual Studio Version 17
VisualStudioVersion = 17.6.33815.320
MinimumVisualStudioVersion = 10.0.40219.1
Project("{FAE04EC0-301F-11D3-BF4B-00C04F79EFBC}") = "HW_Notes", "HW_Notes.csproj", "{799A663D-B061-476D-B648-548C2CB37E14}"
EndProject
Global
	GlobalSection(SolutionConfigurationPlatforms) = preSolution
		Debug|Any CPU = Debug|Any CPU
		Release|Any CPU = Release|Any CPU
	EndGlobalSection
	GlobalSection(ProjectConfigurationPlatforms) = postSolution
		{799A663D-B061-476D-B648-548C2CB37E14}.Debug|Any CPU.ActiveCfg = Debug|Any CPU
		{799A663D-B061-476D-B648-548C2CB37E14}.Debug|Any CPU.Build.0 = Debug|Any CPU
		{799A663D-B061-476D-B648-548C2CB37E14}.Release|Any CPU.ActiveCfg = Release|Any CPU
		{799A663D-B061-476D-B648-548C2CB37E14}.Release|Any CPU.Build.0 = Release|Any CPU
	EndGlobalSection
	GlobalSection(SolutionProperties) = preSolution
		HideSolutionNode = FALSE
	EndGlobalSection
	GlobalSection(ExtensibilityGlobals) = postSolution
		SolutionGuid = {ADA8B0E4-E2A8-4BAB-89D0-785E5D04A812}
	EndGlobalSection
EndGlobal
